
Microsoft Visual Studio Solution File, Format Version 12.00
# Visual Studio Version 17
VisualStudioVersion = 17.0.31919.166
MinimumVisualStudioVersion = 10.0.40219.1
Project("{FAE04EC0-301F-11D3-BF4B-00C04F79EFBC}") = "Reflection", "Reflection\Reflection.csproj", "{88BA0334-031B-4D02-B457-B903A69B1CD7}"
EndProject
Global
	GlobalSection(SolutionConfigurationPlatforms) = preSolution
		Debug|Any CPU = Debug|Any CPU
		Release|Any CPU = Release|Any CPU
	EndGlobalSection
	GlobalSection(ProjectConfigurationPlatforms) = postSolution
		{88BA0334-031B-4D02-B457-B903A69B1CD7}.Debug|Any CPU.ActiveCfg = Debug|Any CPU
		{88BA0334-031B-4D02-B457-B903A69B1CD7}.Debug|Any CPU.Build.0 = Debug|Any CPU
		{88BA0334-031B-4D02-B457-B903A69B1CD7}.Release|Any CPU.ActiveCfg = Release|Any CPU
		{88BA0334-031B-4D02-B457-B903A69B1CD7}.Release|Any CPU.Build.0 = Release|Any CPU
	EndGlobalSection
	GlobalSection(SolutionProperties) = preSolution
		HideSolutionNode = FALSE
	EndGlobalSection
	GlobalSection(ExtensibilityGlobals) = postSolution
		SolutionGuid = {59D2C4E9-1F4F-4519-80B9-E746F16B892A}
	EndGlobalSection
EndGlobal
